<?xml version="1.0" encoding="utf-8"?>
<Project ToolsVersion="4.0" xmlns="http://schemas.microsoft.com/developer/msbuild/2003">
  <ItemGroup>
    <Filter Include="win32">
      <UniqueIdentifier>{84a8ebd7-7cf0-47f6-b75e-d441df67da40}</UniqueIdentifier>
    </Filter>
    <Filter Include="resource">
      <UniqueIdentifier>{715254bc-d70b-4ec5-bf29-467dd3ace079}</UniqueIdentifier>
    </Filter>
    <Filter Include="src">
      <UniqueIdentifier>{bb6c862e-70e9-49d9-81b7-3829a6f50471}</UniqueIdentifier>
    </Filter>
    <Filter Include="src\Source Files">
      <UniqueIdentifier>{42ffe1b7-18be-4442-ac3f-dc392916b4af}</UniqueIdentifier>
    </Filter>
    <Filter Include="src\Header Files">
      <UniqueIdentifier>{cb9794aa-0cff-4ce0-94ee-8f48a83ecf1e}</UniqueIdentifier>
    </Filter>
  </ItemGroup>
  <ItemGroup>
    <ClCompile Include="main.cpp">
      <Filter>win32</Filter>
    </ClCompile>
    <ClCompile Include="..\Classes\AppDelegate.cpp">
      <Filter>src\Source Files</Filter>
    </ClCompile>
    <ClCompile Include="..\Classes\Bullet.cpp">
      <Filter>src\Source Files</Filter>
    </ClCompile>
    <ClCompile Include="..\Classes\Enemy.cpp">
      <Filter>src\Source Files</Filter>
    </ClCompile>
    <ClCompile Include="..\Classes\GameOverScene.cpp">
      <Filter>src\Source Files</Filter>
    </ClCompile>
    <ClCompile Include="..\Classes\Function.cpp">
      <Filter>src\Source Files</Filter>
    </ClCompile>
    <ClCompile Include="..\Classes\LoadGameScene.cpp">
      <Filter>src\Source Files</Filter>
    </ClCompile>
    <ClCompile Include="..\Classes\GameScene.cpp">
      <Filter>src\Source Files</Filter>
    </ClCompile>
    <ClCompile Include="..\Classes\LoadScene.cpp">
      <Filter>src\Source Files</Filter>
    </ClCompile>
    <ClCompile Include="..\Classes\PhysicsShapeCache.cpp">
      <Filter>src\Source Files</Filter>
    </ClCompile>
    <ClCompile Include="..\Classes\MainMenuScene.cpp">
      <Filter>src\Source Files</Filter>
    </ClCompile>
  </ItemGroup>
  <ItemGroup>
    <ClInclude Include="main.h">
      <Filter>win32</Filter>
    </ClInclude>
    <ClInclude Include="..\Classes\AppDelegate.h">
      <Filter>src\Header Files</Filter>
    </ClInclude>
    <ClInclude Include="..\Classes\Bullet.h">
      <Filter>src\Header Files</Filter>
    </ClInclude>
    <ClInclude Include="..\Classes\Config.h">
      <Filter>src\Header Files</Filter>
    </ClInclude>
    <ClInclude Include="..\Classes\Enemy.h">
      <Filter>src\Header Files</Filter>
    </ClInclude>
    <ClInclude Include="..\Classes\Function.h">
      <Filter>src\Header Files</Filter>
    </ClInclude>
    <ClInclude Include="..\Classes\GameOverScene.h">
      <Filter>src\Header Files</Filter>
    </ClInclude>
    <ClInclude Include="..\Classes\GameScene.h">
      <Filter>src\Header Files</Filter>
    </ClInclude>
    <ClInclude Include="..\Classes\LoadGameScene.h">
      <Filter>src\Header Files</Filter>
    </ClInclude>
    <ClInclude Include="..\Classes\LoadScene.h">
      <Filter>src\Header Files</Filter>
    </ClInclude>
    <ClInclude Include="..\Classes\MainMenuScene.h">
      <Filter>src\Header Files</Filter>
    </ClInclude>
    <ClInclude Include="..\Classes\ObjectPool.h">
      <Filter>src\Header Files</Filter>
    </ClInclude>
    <ClInclude Include="..\Classes\PhysicsShapeCache.h">
      <Filter>src\Header Files</Filter>
    </ClInclude>
  </ItemGroup>
  <ItemGroup>
    <ResourceCompile Include="game.rc">
      <Filter>resource</Filter>
    </ResourceCompile>
  </ItemGroup>
</Project>